
Microsoft Visual Studio Solution File, Format Version 12.00
# Visual Studio 15
VisualStudioVersion = 15.0.28307.1145
MinimumVisualStudioVersion = 10.0.40219.1
Project("{FAE04EC0-301F-11D3-BF4B-00C04F79EFBC}") = "AssignmentApp", "AssignmentApp\AssignmentApp.csproj", "{30182DA3-3539-477E-818B-BA728342189D}"
EndProject
Global
	GlobalSection(SolutionConfigurationPlatforms) = preSolution
		Debug|Any CPU = Debug|Any CPU
		Release|Any CPU = Release|Any CPU
	EndGlobalSection
	GlobalSection(ProjectConfigurationPlatforms) = postSolution
		{30182DA3-3539-477E-818B-BA728342189D}.Debug|Any CPU.ActiveCfg = Debug|Any CPU
		{30182DA3-3539-477E-818B-BA728342189D}.Debug|Any CPU.Build.0 = Debug|Any CPU
		{30182DA3-3539-477E-818B-BA728342189D}.Release|Any CPU.ActiveCfg = Release|Any CPU
		{30182DA3-3539-477E-818B-BA728342189D}.Release|Any CPU.Build.0 = Release|Any CPU
	EndGlobalSection
	GlobalSection(SolutionProperties) = preSolution
		HideSolutionNode = FALSE
	EndGlobalSection
	GlobalSection(ExtensibilityGlobals) = postSolution
		SolutionGuid = {A4996116-C6AD-45FD-8CC7-46E7631EAF36}
	EndGlobalSection
EndGlobal
